{
    "_readme": [
        "This file locks the dependencies of your project to a known state",
        "Read more about it at https://getcomposer.org/doc/01-basic-usage.md#installing-dependencies",
        "This file is @generated automatically"
    ],
    "content-hash": "359506d5a0b5eebc50f60b8bcb5f1f1f",
    "packages": [
        {
            "name": "ramphor/seo-adapter",
            "version": "dev-master",
            "source": {
                "type": "git",
                "url": "https://github.com/ramphor/seo-adapter.git",
                "reference": "f2a9a732ebe5252d731512b8e2861de35a81daa9"
            },
            "dist": {
                "type": "zip",
                "url": "https://api.github.com/repos/ramphor/seo-adapter/zipball/f2a9a732ebe5252d731512b8e2861de35a81daa9",
                "reference": "f2a9a732ebe5252d731512b8e2861de35a81daa9",
                "shasum": ""
            },
            "type": "library",
            "autoload": {
                "psr-4": {
                    "Ramphor\\Seo\\": "src/"
                }
            },
            "notification-url": "https://packagist.org/downloads/",
            "license": [
                "GPL-2.0-or-later"
            ],
            "authors": [
                {
                    "name": "Ramphor Premium",
                    "email": "puleeno@gmail.com"
                }
            ],
            "description": "The SEO adapter to support custom data for popular SEO plugins",
            "time": "2019-10-17T05:00:15+00:00"
        }
    ],
    "packages-dev": [],
    "aliases": [],
    "minimum-stability": "dev",
    "stability-flags": {
        "ramphor/seo-adapter": 20
    },
    "prefer-stable": false,
    "prefer-lowest": false,
    "platform": [],
    "platform-dev": []
}
